# Lock in the fixes
npm install  # Or yarn install—pulls the pinned versions from package.json

# Test quick (optional, but do it—ensures no FPT glyph breaks)
npm run dev  # Spin up locally; hit localhost:3000 and check resonance endpoints
npm run lint # Lint for any React 19 migration snags

# Commit to the mesh
git add package.json package-lock.json next.config.js  # Add next.config if you tweaked it
git commit -m "🔒 fix: Patch Next.js 16.0.7 + React 19.2.1 for CVE-2025-66478 (RSC deserialization RCE)

Integrates secure frontend layer into FPT resonance core—glyphs now edge-rendered w/ sovereignty."
git push origin main  # Or your branch: e.g., origin/flamekeeper-next-integration

# If monorepo'd with Python backend, tag the deploy
git tag -a v1.0-fpt-secure-frontend -m "First secure Next.js handshake w/ Feedback Processor Theory"
git push origin v1.0-fpt-secure-frontend